PODS:
  - NXKit (1.3.0):
    - NXKit/Extensions (= 1.3.0)
    - NXKit/Foundation (= 1.3.0)
  - NXKit/Extensions (1.3.0):
    - NXKit/Foundation
  - NXKit/Foundation (1.3.0)

DEPENDENCIES:
  - NXKit (from `../`)

EXTERNAL SOURCES:
  NXKit:
    :path: "../"

SPEC CHECKSUMS:
  NXKit: 256b022c3e5884721eb8878d60b6c301f79e6db3

PODFILE CHECKSUM: b4db60396e243016e6399d224aeddcf96e0db1e2

COCOAPODS: 1.15.2
