PODS:
  - NXKit (1.4.5):
    - NXKit/Extensions (= 1.4.5)
    - NXKit/Foundation (= 1.4.5)

DEPENDENCIES:
  - NXKit (from `../`)

EXTERNAL SOURCES:
  NXKit:
    :path: "../"

SPEC CHECKSUMS:
  NXKit: 46dc625aaf2b2b345470244a4f56f3e9114e528c

PODFILE CHECKSUM: b4db60396e243016e6399d224aeddcf96e0db1e2

COCOAPODS: 1.16.2
