// !$*UTF8*$!
{
	archiveVersion = 1;
	classes = {
	};
	objectVersion = 54;
	objects = {

/* Begin PBXBuildFile section */
		37D36FCD0251B5E9271F938E /* Pods_NXKit_App.framework in Frameworks */ = {isa = PBXBuildFile; fileRef = 27BA7DF614EF9528E1A0F637 /* Pods_NXKit_App.framework */; };
		607FACD61AFB9204008FA782 /* AppDelegate.swift in Sources */ = {isa = PBXBuildFile; fileRef = 607FACD51AFB9204008FA782 /* AppDelegate.swift */; };
		607FACDB1AFB9204008FA782 /* Main.storyboard in Resources */ = {isa = PBXBuildFile; fileRef = 607FACD91AFB9204008FA782 /* Main.storyboard */; };
		607FACDD1AFB9204008FA782 /* Images.xcassets in Resources */ = {isa = PBXBuildFile; fileRef = 607FACDC1AFB9204008FA782 /* Images.xcassets */; };
		607FACE01AFB9204008FA782 /* LaunchScreen.xib in Resources */ = {isa = PBXBuildFile; fileRef = 607FACDE1AFB9204008FA782 /* LaunchScreen.xib */; };
		C91EEEB0268B224800CF0F90 /* NXSwift.swift in Sources */ = {isa = PBXBuildFile; fileRef = C91EEEAF268B224800CF0F90 /* NXSwift.swift */; };
		C920C53626831B9A00258187 /* NXARC.m in Sources */ = {isa = PBXBuildFile; fileRef = C920C53526831B9A00258187 /* NXARC.m */; };
		C93A574F2689E7BA00787D4B /* NXMRC.m in Sources */ = {isa = PBXBuildFile; fileRef = C93A574E2689E7BA00787D4B /* NXMRC.m */; settings = {COMPILER_FLAGS = "-fno-objc-arc"; }; };
		C93A57522689E80900787D4B /* NXEMWorker.m in Sources */ = {isa = PBXBuildFile; fileRef = C93A57512689E80900787D4B /* NXEMWorker.m */; };
		C93AA2A8268C443A00DE0EA4 /* NXApi.m in Sources */ = {isa = PBXBuildFile; fileRef = C93AA2A7268C443A00DE0EA4 /* NXApi.m */; };
		C93AA2AB268C46A300DE0EA4 /* NXWorker.m in Sources */ = {isa = PBXBuildFile; fileRef = C93AA2AA268C46A300DE0EA4 /* NXWorker.m */; };
		C93AA2AE268C480300DE0EA4 /* NXMobileWorker.m in Sources */ = {isa = PBXBuildFile; fileRef = C93AA2AD268C480300DE0EA4 /* NXMobileWorker.m */; };
		C9F562EE26807A9300C864E4 /* RRXCAuthorizeManager.swift in Sources */ = {isa = PBXBuildFile; fileRef = C9F562E926807A9200C864E4 /* RRXCAuthorizeManager.swift */; };
		C9F562EF26807A9300C864E4 /* RRXCAnimationView.swift in Sources */ = {isa = PBXBuildFile; fileRef = C9F562EA26807A9200C864E4 /* RRXCAnimationView.swift */; };
		C9F562F026807A9300C864E4 /* NXMasterViewController.swift in Sources */ = {isa = PBXBuildFile; fileRef = C9F562EB26807A9200C864E4 /* NXMasterViewController.swift */; };
		C9F562F126807A9300C864E4 /* NXDesktopViewController.swift in Sources */ = {isa = PBXBuildFile; fileRef = C9F562EC26807A9200C864E4 /* NXDesktopViewController.swift */; };
		C9F562F226807A9300C864E4 /* NXSubdesktopViewController.swift in Sources */ = {isa = PBXBuildFile; fileRef = C9F562ED26807A9300C864E4 /* NXSubdesktopViewController.swift */; };
/* End PBXBuildFile section */

/* Begin PBXFileReference section */
		0D3EF0A469B22D541BB2BAC4 /* NXKit.podspec */ = {isa = PBXFileReference; includeInIndex = 1; lastKnownFileType = text; name = NXKit.podspec; path = ../NXKit.podspec; sourceTree = "<group>"; xcLanguageSpecificationIdentifier = xcode.lang.ruby; };
		11F4D78D026E5C509B3B377E /* Pods-NXKit_App.release.xcconfig */ = {isa = PBXFileReference; includeInIndex = 1; lastKnownFileType = text.xcconfig; name = "Pods-NXKit_App.release.xcconfig"; path = "Target Support Files/Pods-NXKit_App/Pods-NXKit_App.release.xcconfig"; sourceTree = "<group>"; };
		27BA7DF614EF9528E1A0F637 /* Pods_NXKit_App.framework */ = {isa = PBXFileReference; explicitFileType = wrapper.framework; includeInIndex = 0; path = Pods_NXKit_App.framework; sourceTree = BUILT_PRODUCTS_DIR; };
		607FACD01AFB9204008FA782 /* NXKit_App.app */ = {isa = PBXFileReference; explicitFileType = wrapper.application; includeInIndex = 0; path = NXKit_App.app; sourceTree = BUILT_PRODUCTS_DIR; };
		607FACD41AFB9204008FA782 /* Info.plist */ = {isa = PBXFileReference; lastKnownFileType = text.plist.xml; path = Info.plist; sourceTree = "<group>"; };
		607FACD51AFB9204008FA782 /* AppDelegate.swift */ = {isa = PBXFileReference; lastKnownFileType = sourcecode.swift; path = AppDelegate.swift; sourceTree = "<group>"; };
		607FACDA1AFB9204008FA782 /* Base */ = {isa = PBXFileReference; lastKnownFileType = file.storyboard; name = Base; path = Base.lproj/Main.storyboard; sourceTree = "<group>"; };
		607FACDC1AFB9204008FA782 /* Images.xcassets */ = {isa = PBXFileReference; lastKnownFileType = folder.assetcatalog; path = Images.xcassets; sourceTree = "<group>"; };
		607FACDF1AFB9204008FA782 /* Base */ = {isa = PBXFileReference; lastKnownFileType = file.xib; name = Base; path = Base.lproj/LaunchScreen.xib; sourceTree = "<group>"; };
		B511540DD1D7B3580B5D4325 /* Pods-NXKit_App.debug.xcconfig */ = {isa = PBXFileReference; includeInIndex = 1; lastKnownFileType = text.xcconfig; name = "Pods-NXKit_App.debug.xcconfig"; path = "Target Support Files/Pods-NXKit_App/Pods-NXKit_App.debug.xcconfig"; sourceTree = "<group>"; };
		C91EEEAF268B224800CF0F90 /* NXSwift.swift */ = {isa = PBXFileReference; lastKnownFileType = sourcecode.swift; path = NXSwift.swift; sourceTree = "<group>"; };
		C920C53326831B9A00258187 /* NXKit_App-Bridging-Header.h */ = {isa = PBXFileReference; lastKnownFileType = sourcecode.c.h; path = "NXKit_App-Bridging-Header.h"; sourceTree = "<group>"; };
		C920C53426831B9A00258187 /* NXARC.h */ = {isa = PBXFileReference; lastKnownFileType = sourcecode.c.h; path = NXARC.h; sourceTree = "<group>"; };
		C920C53526831B9A00258187 /* NXARC.m */ = {isa = PBXFileReference; lastKnownFileType = sourcecode.c.objc; path = NXARC.m; sourceTree = "<group>"; };
		C93A574D2689E7BA00787D4B /* NXMRC.h */ = {isa = PBXFileReference; lastKnownFileType = sourcecode.c.h; path = NXMRC.h; sourceTree = "<group>"; };
		C93A574E2689E7BA00787D4B /* NXMRC.m */ = {isa = PBXFileReference; lastKnownFileType = sourcecode.c.objc; path = NXMRC.m; sourceTree = "<group>"; };
		C93A57502689E80900787D4B /* NXEMWorker.h */ = {isa = PBXFileReference; lastKnownFileType = sourcecode.c.h; path = NXEMWorker.h; sourceTree = "<group>"; };
		C93A57512689E80900787D4B /* NXEMWorker.m */ = {isa = PBXFileReference; lastKnownFileType = sourcecode.c.objc; path = NXEMWorker.m; sourceTree = "<group>"; };
		C93AA2A6268C443A00DE0EA4 /* NXApi.h */ = {isa = PBXFileReference; lastKnownFileType = sourcecode.c.h; path = NXApi.h; sourceTree = "<group>"; };
		C93AA2A7268C443A00DE0EA4 /* NXApi.m */ = {isa = PBXFileReference; lastKnownFileType = sourcecode.c.objc; path = NXApi.m; sourceTree = "<group>"; };
		C93AA2A9268C46A300DE0EA4 /* NXWorker.h */ = {isa = PBXFileReference; lastKnownFileType = sourcecode.c.h; path = NXWorker.h; sourceTree = "<group>"; };
		C93AA2AA268C46A300DE0EA4 /* NXWorker.m */ = {isa = PBXFileReference; lastKnownFileType = sourcecode.c.objc; path = NXWorker.m; sourceTree = "<group>"; };
		C93AA2AC268C480300DE0EA4 /* NXMobileWorker.h */ = {isa = PBXFileReference; lastKnownFileType = sourcecode.c.h; path = NXMobileWorker.h; sourceTree = "<group>"; };
		C93AA2AD268C480300DE0EA4 /* NXMobileWorker.m */ = {isa = PBXFileReference; lastKnownFileType = sourcecode.c.objc; path = NXMobileWorker.m; sourceTree = "<group>"; };
		C9F562E926807A9200C864E4 /* RRXCAuthorizeManager.swift */ = {isa = PBXFileReference; fileEncoding = 4; lastKnownFileType = sourcecode.swift; path = RRXCAuthorizeManager.swift; sourceTree = "<group>"; };
		C9F562EA26807A9200C864E4 /* RRXCAnimationView.swift */ = {isa = PBXFileReference; fileEncoding = 4; lastKnownFileType = sourcecode.swift; path = RRXCAnimationView.swift; sourceTree = "<group>"; };
		C9F562EB26807A9200C864E4 /* NXMasterViewController.swift */ = {isa = PBXFileReference; fileEncoding = 4; lastKnownFileType = sourcecode.swift; path = NXMasterViewController.swift; sourceTree = "<group>"; };
		C9F562EC26807A9200C864E4 /* NXDesktopViewController.swift */ = {isa = PBXFileReference; fileEncoding = 4; lastKnownFileType = sourcecode.swift; path = NXDesktopViewController.swift; sourceTree = "<group>"; };
		C9F562ED26807A9300C864E4 /* NXSubdesktopViewController.swift */ = {isa = PBXFileReference; fileEncoding = 4; lastKnownFileType = sourcecode.swift; path = NXSubdesktopViewController.swift; sourceTree = "<group>"; };
		E87B81609140EAE65B0F6F8A /* LICENSE */ = {isa = PBXFileReference; includeInIndex = 1; lastKnownFileType = text; name = LICENSE; path = ../LICENSE; sourceTree = "<group>"; };
		F52578292D8536F89334B186 /* README.md */ = {isa = PBXFileReference; includeInIndex = 1; lastKnownFileType = net.daringfireball.markdown; name = README.md; path = ../README.md; sourceTree = "<group>"; };
/* End PBXFileReference section */

/* Begin PBXFrameworksBuildPhase section */
		607FACCD1AFB9204008FA782 /* Frameworks */ = {
			isa = PBXFrameworksBuildPhase;
			buildActionMask = 2147483647;
			files = (
				37D36FCD0251B5E9271F938E /* Pods_NXKit_App.framework in Frameworks */,
			);
			runOnlyForDeploymentPostprocessing = 0;
		};
/* End PBXFrameworksBuildPhase section */

/* Begin PBXGroup section */
		607FACC71AFB9204008FA782 = {
			isa = PBXGroup;
			children = (
				607FACF51AFB993E008FA782 /* Podspec Metadata */,
				607FACD21AFB9204008FA782 /* App */,
				607FACD11AFB9204008FA782 /* Products */,
				CDB0BCCB0EFEA029F96C723A /* Pods */,
				7A21DF4C4AFC7DD034C25347 /* Frameworks */,
			);
			sourceTree = "<group>";
		};
		607FACD11AFB9204008FA782 /* Products */ = {
			isa = PBXGroup;
			children = (
				607FACD01AFB9204008FA782 /* NXKit_App.app */,
			);
			name = Products;
			sourceTree = "<group>";
		};
		607FACD21AFB9204008FA782 /* App */ = {
			isa = PBXGroup;
			children = (
				C93AA2B0268C4E3600DE0EA4 /* Desktop */,
				C93AA2AF268C4DAD00DE0EA4 /* Workspace */,
				607FACD91AFB9204008FA782 /* Main.storyboard */,
				607FACDC1AFB9204008FA782 /* Images.xcassets */,
				607FACDE1AFB9204008FA782 /* LaunchScreen.xib */,
				607FACD31AFB9204008FA782 /* Supporting Files */,
				C920C53326831B9A00258187 /* NXKit_App-Bridging-Header.h */,
			);
			name = App;
			path = NXKit;
			sourceTree = "<group>";
		};
		607FACD31AFB9204008FA782 /* Supporting Files */ = {
			isa = PBXGroup;
			children = (
				607FACD41AFB9204008FA782 /* Info.plist */,
			);
			name = "Supporting Files";
			sourceTree = "<group>";
		};
		607FACF51AFB993E008FA782 /* Podspec Metadata */ = {
			isa = PBXGroup;
			children = (
				0D3EF0A469B22D541BB2BAC4 /* NXKit.podspec */,
				F52578292D8536F89334B186 /* README.md */,
				E87B81609140EAE65B0F6F8A /* LICENSE */,
			);
			name = "Podspec Metadata";
			sourceTree = "<group>";
		};
		7A21DF4C4AFC7DD034C25347 /* Frameworks */ = {
			isa = PBXGroup;
			children = (
				27BA7DF614EF9528E1A0F637 /* Pods_NXKit_App.framework */,
			);
			name = Frameworks;
			sourceTree = "<group>";
		};
		C93AA2AF268C4DAD00DE0EA4 /* Workspace */ = {
			isa = PBXGroup;
			children = (
				C93AA2A6268C443A00DE0EA4 /* NXApi.h */,
				C93AA2A7268C443A00DE0EA4 /* NXApi.m */,
				C93AA2A9268C46A300DE0EA4 /* NXWorker.h */,
				C93AA2AA268C46A300DE0EA4 /* NXWorker.m */,
				C93A57502689E80900787D4B /* NXEMWorker.h */,
				C93A57512689E80900787D4B /* NXEMWorker.m */,
				C93AA2AC268C480300DE0EA4 /* NXMobileWorker.h */,
				C93AA2AD268C480300DE0EA4 /* NXMobileWorker.m */,
				C91EEEAF268B224800CF0F90 /* NXSwift.swift */,
				C93A574D2689E7BA00787D4B /* NXMRC.h */,
				C93A574E2689E7BA00787D4B /* NXMRC.m */,
				C920C53426831B9A00258187 /* NXARC.h */,
				C920C53526831B9A00258187 /* NXARC.m */,
			);
			path = Workspace;
			sourceTree = "<group>";
		};
		C93AA2B0268C4E3600DE0EA4 /* Desktop */ = {
			isa = PBXGroup;
			children = (
				607FACD51AFB9204008FA782 /* AppDelegate.swift */,
				C9F562EC26807A9200C864E4 /* NXDesktopViewController.swift */,
				C9F562EB26807A9200C864E4 /* NXMasterViewController.swift */,
				C9F562ED26807A9300C864E4 /* NXSubdesktopViewController.swift */,
				C9F562E926807A9200C864E4 /* RRXCAuthorizeManager.swift */,
				C9F562EA26807A9200C864E4 /* RRXCAnimationView.swift */,
			);
			path = Desktop;
			sourceTree = "<group>";
		};
		CDB0BCCB0EFEA029F96C723A /* Pods */ = {
			isa = PBXGroup;
			children = (
				B511540DD1D7B3580B5D4325 /* Pods-NXKit_App.debug.xcconfig */,
				11F4D78D026E5C509B3B377E /* Pods-NXKit_App.release.xcconfig */,
			);
			path = Pods;
			sourceTree = "<group>";
		};
/* End PBXGroup section */

/* Begin PBXNativeTarget section */
		607FACCF1AFB9204008FA782 /* NXKit_App */ = {
			isa = PBXNativeTarget;
			buildConfigurationList = 607FACEF1AFB9204008FA782 /* Build configuration list for PBXNativeTarget "NXKit_App" */;
			buildPhases = (
				DC32EDA51AD08B87781B408F /* [CP] Check Pods Manifest.lock */,
				607FACCC1AFB9204008FA782 /* Sources */,
				607FACCD1AFB9204008FA782 /* Frameworks */,
				607FACCE1AFB9204008FA782 /* Resources */,
				E291853B125C752B920D28BE /* [CP] Embed Pods Frameworks */,
			);
			buildRules = (
			);
			dependencies = (
			);
			name = NXKit_App;
			productName = NXKit;
			productReference = 607FACD01AFB9204008FA782 /* NXKit_App.app */;
			productType = "com.apple.product-type.application";
		};
/* End PBXNativeTarget section */

/* Begin PBXProject section */
		607FACC81AFB9204008FA782 /* Project object */ = {
			isa = PBXProject;
			attributes = {
				LastSwiftUpdateCheck = 0830;
				LastUpgradeCheck = 0830;
				ORGANIZATIONNAME = CocoaPods;
				TargetAttributes = {
					607FACCF1AFB9204008FA782 = {
						CreatedOnToolsVersion = 6.3.1;
						LastSwiftMigration = 1250;
					};
				};
			};
			buildConfigurationList = 607FACCB1AFB9204008FA782 /* Build configuration list for PBXProject "NXKit" */;
			compatibilityVersion = "Xcode 12.0";
			developmentRegion = en;
			hasScannedForEncodings = 0;
			knownRegions = (
				en,
				Base,
			);
			mainGroup = 607FACC71AFB9204008FA782;
			productRefGroup = 607FACD11AFB9204008FA782 /* Products */;
			projectDirPath = "";
			projectRoot = "";
			targets = (
				607FACCF1AFB9204008FA782 /* NXKit_App */,
			);
		};
/* End PBXProject section */

/* Begin PBXResourcesBuildPhase section */
		607FACCE1AFB9204008FA782 /* Resources */ = {
			isa = PBXResourcesBuildPhase;
			buildActionMask = 2147483647;
			files = (
				607FACDB1AFB9204008FA782 /* Main.storyboard in Resources */,
				607FACE01AFB9204008FA782 /* LaunchScreen.xib in Resources */,
				607FACDD1AFB9204008FA782 /* Images.xcassets in Resources */,
			);
			runOnlyForDeploymentPostprocessing = 0;
		};
/* End PBXResourcesBuildPhase section */

/* Begin PBXShellScriptBuildPhase section */
		DC32EDA51AD08B87781B408F /* [CP] Check Pods Manifest.lock */ = {
			isa = PBXShellScriptBuildPhase;
			buildActionMask = 2147483647;
			files = (
			);
			inputFileListPaths = (
			);
			inputPaths = (
				"${PODS_PODFILE_DIR_PATH}/Podfile.lock",
				"${PODS_ROOT}/Manifest.lock",
			);
			name = "[CP] Check Pods Manifest.lock";
			outputFileListPaths = (
			);
			outputPaths = (
				"$(DERIVED_FILE_DIR)/Pods-NXKit_App-checkManifestLockResult.txt",
			);
			runOnlyForDeploymentPostprocessing = 0;
			shellPath = /bin/sh;
			shellScript = "diff \"${PODS_PODFILE_DIR_PATH}/Podfile.lock\" \"${PODS_ROOT}/Manifest.lock\" > /dev/null\nif [ $? != 0 ] ; then\n    # print error to STDERR\n    echo \"error: The sandbox is not in sync with the Podfile.lock. Run 'pod install' or update your CocoaPods installation.\" >&2\n    exit 1\nfi\n# This output is used by Xcode 'outputs' to avoid re-running this script phase.\necho \"SUCCESS\" > \"${SCRIPT_OUTPUT_FILE_0}\"\n";
			showEnvVarsInLog = 0;
		};
		E291853B125C752B920D28BE /* [CP] Embed Pods Frameworks */ = {
			isa = PBXShellScriptBuildPhase;
			buildActionMask = 2147483647;
			files = (
			);
			inputFileListPaths = (
				"${PODS_ROOT}/Target Support Files/Pods-NXKit_App/Pods-NXKit_App-frameworks-${CONFIGURATION}-input-files.xcfilelist",
			);
			name = "[CP] Embed Pods Frameworks";
			outputFileListPaths = (
				"${PODS_ROOT}/Target Support Files/Pods-NXKit_App/Pods-NXKit_App-frameworks-${CONFIGURATION}-output-files.xcfilelist",
			);
			runOnlyForDeploymentPostprocessing = 0;
			shellPath = /bin/sh;
			shellScript = "\"${PODS_ROOT}/Target Support Files/Pods-NXKit_App/Pods-NXKit_App-frameworks.sh\"\n";
			showEnvVarsInLog = 0;
		};
/* End PBXShellScriptBuildPhase section */

/* Begin PBXSourcesBuildPhase section */
		607FACCC1AFB9204008FA782 /* Sources */ = {
			isa = PBXSourcesBuildPhase;
			buildActionMask = 2147483647;
			files = (
				C9F562F026807A9300C864E4 /* NXMasterViewController.swift in Sources */,
				C9F562EE26807A9300C864E4 /* RRXCAuthorizeManager.swift in Sources */,
				C93A574F2689E7BA00787D4B /* NXMRC.m in Sources */,
				C93AA2AE268C480300DE0EA4 /* NXMobileWorker.m in Sources */,
				C920C53626831B9A00258187 /* NXARC.m in Sources */,
				C9F562F226807A9300C864E4 /* NXSubdesktopViewController.swift in Sources */,
				C93AA2AB268C46A300DE0EA4 /* NXWorker.m in Sources */,
				C9F562F126807A9300C864E4 /* NXDesktopViewController.swift in Sources */,
				C93A57522689E80900787D4B /* NXEMWorker.m in Sources */,
				C93AA2A8268C443A00DE0EA4 /* NXApi.m in Sources */,
				C9F562EF26807A9300C864E4 /* RRXCAnimationView.swift in Sources */,
				607FACD61AFB9204008FA782 /* AppDelegate.swift in Sources */,
				C91EEEB0268B224800CF0F90 /* NXSwift.swift in Sources */,
			);
			runOnlyForDeploymentPostprocessing = 0;
		};
/* End PBXSourcesBuildPhase section */

/* Begin PBXVariantGroup section */
		607FACD91AFB9204008FA782 /* Main.storyboard */ = {
			isa = PBXVariantGroup;
			children = (
				607FACDA1AFB9204008FA782 /* Base */,
			);
			name = Main.storyboard;
			sourceTree = "<group>";
		};
		607FACDE1AFB9204008FA782 /* LaunchScreen.xib */ = {
			isa = PBXVariantGroup;
			children = (
				607FACDF1AFB9204008FA782 /* Base */,
			);
			name = LaunchScreen.xib;
			sourceTree = "<group>";
		};
/* End PBXVariantGroup section */

/* Begin XCBuildConfiguration section */
		607FACED1AFB9204008FA782 /* Debug */ = {
			isa = XCBuildConfiguration;
			buildSettings = {
				ALWAYS_SEARCH_USER_PATHS = NO;
				CLANG_CXX_LANGUAGE_STANDARD = "gnu++0x";
				CLANG_CXX_LIBRARY = "libc++";
				CLANG_ENABLE_MODULES = YES;
				CLANG_ENABLE_OBJC_ARC = YES;
				CLANG_WARN_BLOCK_CAPTURE_AUTORELEASING = YES;
				CLANG_WARN_BOOL_CONVERSION = YES;
				CLANG_WARN_COMMA = YES;
				CLANG_WARN_CONSTANT_CONVERSION = YES;
				CLANG_WARN_DIRECT_OBJC_ISA_USAGE = YES_ERROR;
				CLANG_WARN_EMPTY_BODY = YES;
				CLANG_WARN_ENUM_CONVERSION = YES;
				CLANG_WARN_INFINITE_RECURSION = YES;
				CLANG_WARN_INT_CONVERSION = YES;
				CLANG_WARN_NON_LITERAL_NULL_CONVERSION = YES;
				CLANG_WARN_OBJC_LITERAL_CONVERSION = YES;
				CLANG_WARN_OBJC_ROOT_CLASS = YES_ERROR;
				CLANG_WARN_RANGE_LOOP_ANALYSIS = YES;
				CLANG_WARN_STRICT_PROTOTYPES = YES;
				CLANG_WARN_SUSPICIOUS_MOVE = YES;
				CLANG_WARN_UNREACHABLE_CODE = YES;
				CLANG_WARN__DUPLICATE_METHOD_MATCH = YES;
				"CODE_SIGN_IDENTITY[sdk=iphoneos*]" = "iPhone Developer";
				COPY_PHASE_STRIP = NO;
				DEBUG_INFORMATION_FORMAT = "dwarf-with-dsym";
				ENABLE_STRICT_OBJC_MSGSEND = YES;
				ENABLE_TESTABILITY = YES;
				GCC_C_LANGUAGE_STANDARD = gnu99;
				GCC_DYNAMIC_NO_PIC = NO;
				GCC_NO_COMMON_BLOCKS = YES;
				GCC_OPTIMIZATION_LEVEL = 0;
				GCC_PREPROCESSOR_DEFINITIONS = (
					"DEBUG=1",
					"$(inherited)",
				);
				GCC_SYMBOLS_PRIVATE_EXTERN = NO;
				GCC_WARN_64_TO_32_BIT_CONVERSION = YES;
				GCC_WARN_ABOUT_RETURN_TYPE = YES_ERROR;
				GCC_WARN_UNDECLARED_SELECTOR = YES;
				GCC_WARN_UNINITIALIZED_AUTOS = YES_AGGRESSIVE;
				GCC_WARN_UNUSED_FUNCTION = YES;
				GCC_WARN_UNUSED_VARIABLE = YES;
				IPHONEOS_DEPLOYMENT_TARGET = 9.3;
				MTL_ENABLE_DEBUG_INFO = YES;
				ONLY_ACTIVE_ARCH = YES;
				SDKROOT = iphoneos;
				SWIFT_OPTIMIZATION_LEVEL = "-Onone";
				SWIFT_VERSION = 5.0;
			};
			name = Debug;
		};
		607FACEE1AFB9204008FA782 /* Release */ = {
			isa = XCBuildConfiguration;
			buildSettings = {
				ALWAYS_SEARCH_USER_PATHS = NO;
				CLANG_CXX_LANGUAGE_STANDARD = "gnu++0x";
				CLANG_CXX_LIBRARY = "libc++";
				CLANG_ENABLE_MODULES = YES;
				CLANG_ENABLE_OBJC_ARC = YES;
				CLANG_WARN_BLOCK_CAPTURE_AUTORELEASING = YES;
				CLANG_WARN_BOOL_CONVERSION = YES;
				CLANG_WARN_COMMA = YES;
				CLANG_WARN_CONSTANT_CONVERSION = YES;
				CLANG_WARN_DIRECT_OBJC_ISA_USAGE = YES_ERROR;
				CLANG_WARN_EMPTY_BODY = YES;
				CLANG_WARN_ENUM_CONVERSION = YES;
				CLANG_WARN_INFINITE_RECURSION = YES;
				CLANG_WARN_INT_CONVERSION = YES;
				CLANG_WARN_NON_LITERAL_NULL_CONVERSION = YES;
				CLANG_WARN_OBJC_LITERAL_CONVERSION = YES;
				CLANG_WARN_OBJC_ROOT_CLASS = YES_ERROR;
				CLANG_WARN_RANGE_LOOP_ANALYSIS = YES;
				CLANG_WARN_STRICT_PROTOTYPES = YES;
				CLANG_WARN_SUSPICIOUS_MOVE = YES;
				CLANG_WARN_UNREACHABLE_CODE = YES;
				CLANG_WARN__DUPLICATE_METHOD_MATCH = YES;
				"CODE_SIGN_IDENTITY[sdk=iphoneos*]" = "iPhone Developer";
				COPY_PHASE_STRIP = NO;
				DEBUG_INFORMATION_FORMAT = "dwarf-with-dsym";
				ENABLE_NS_ASSERTIONS = NO;
				ENABLE_STRICT_OBJC_MSGSEND = YES;
				GCC_C_LANGUAGE_STANDARD = gnu99;
				GCC_NO_COMMON_BLOCKS = YES;
				GCC_WARN_64_TO_32_BIT_CONVERSION = YES;
				GCC_WARN_ABOUT_RETURN_TYPE = YES_ERROR;
				GCC_WARN_UNDECLARED_SELECTOR = YES;
				GCC_WARN_UNINITIALIZED_AUTOS = YES_AGGRESSIVE;
				GCC_WARN_UNUSED_FUNCTION = YES;
				GCC_WARN_UNUSED_VARIABLE = YES;
				IPHONEOS_DEPLOYMENT_TARGET = 9.3;
				MTL_ENABLE_DEBUG_INFO = NO;
				SDKROOT = iphoneos;
				SWIFT_COMPILATION_MODE = wholemodule;
				SWIFT_OPTIMIZATION_LEVEL = "-O";
				SWIFT_VERSION = 5.0;
				VALIDATE_PRODUCT = YES;
			};
			name = Release;
		};
		607FACF01AFB9204008FA782 /* Debug */ = {
			isa = XCBuildConfiguration;
			baseConfigurationReference = B511540DD1D7B3580B5D4325 /* Pods-NXKit_App.debug.xcconfig */;
			buildSettings = {
				ASSETCATALOG_COMPILER_APPICON_NAME = AppIcon;
				CLANG_ENABLE_MODULES = YES;
				CLANG_ENABLE_OBJC_ARC = YES;
				DEVELOPMENT_TEAM = UP4RM747M4;
				INFOPLIST_FILE = NXKit/Info.plist;
				IPHONEOS_DEPLOYMENT_TARGET = 9.3;
				LD_RUNPATH_SEARCH_PATHS = (
					"$(inherited)",
					"@executable_path/Frameworks",
				);
				MODULE_NAME = ExampleApp;
				PRODUCT_BUNDLE_IDENTIFIER = "org.cocoapods.demo.$(PRODUCT_NAME:rfc1034identifier)";
				PRODUCT_NAME = "$(TARGET_NAME)";
				SWIFT_OBJC_BRIDGING_HEADER = "NXKit/NXKit_App-Bridging-Header.h";
				SWIFT_OPTIMIZATION_LEVEL = "-Onone";
				SWIFT_SWIFT3_OBJC_INFERENCE = Default;
				SWIFT_VERSION = 5.0;
			};
			name = Debug;
		};
		607FACF11AFB9204008FA782 /* Release */ = {
			isa = XCBuildConfiguration;
			baseConfigurationReference = 11F4D78D026E5C509B3B377E /* Pods-NXKit_App.release.xcconfig */;
			buildSettings = {
				ASSETCATALOG_COMPILER_APPICON_NAME = AppIcon;
				CLANG_ENABLE_MODULES = YES;
				CLANG_ENABLE_OBJC_ARC = YES;
				DEVELOPMENT_TEAM = UP4RM747M4;
				INFOPLIST_FILE = NXKit/Info.plist;
				IPHONEOS_DEPLOYMENT_TARGET = 9.3;
				LD_RUNPATH_SEARCH_PATHS = (
					"$(inherited)",
					"@executable_path/Frameworks",
				);
				MODULE_NAME = ExampleApp;
				PRODUCT_BUNDLE_IDENTIFIER = "org.cocoapods.demo.$(PRODUCT_NAME:rfc1034identifier)";
				PRODUCT_NAME = "$(TARGET_NAME)";
				SWIFT_OBJC_BRIDGING_HEADER = "NXKit/NXKit_App-Bridging-Header.h";
				SWIFT_SWIFT3_OBJC_INFERENCE = Default;
				SWIFT_VERSION = 5.0;
			};
			name = Release;
		};
/* End XCBuildConfiguration section */

/* Begin XCConfigurationList section */
		607FACCB1AFB9204008FA782 /* Build configuration list for PBXProject "NXKit" */ = {
			isa = XCConfigurationList;
			buildConfigurations = (
				607FACED1AFB9204008FA782 /* Debug */,
				607FACEE1AFB9204008FA782 /* Release */,
			);
			defaultConfigurationIsVisible = 0;
			defaultConfigurationName = Release;
		};
		607FACEF1AFB9204008FA782 /* Build configuration list for PBXNativeTarget "NXKit_App" */ = {
			isa = XCConfigurationList;
			buildConfigurations = (
				607FACF01AFB9204008FA782 /* Debug */,
				607FACF11AFB9204008FA782 /* Release */,
			);
			defaultConfigurationIsVisible = 0;
			defaultConfigurationName = Release;
		};
/* End XCConfigurationList section */
	};
	rootObject = 607FACC81AFB9204008FA782 /* Project object */;
}
