// !$*UTF8*$!
{
	archiveVersion = 1;
	classes = {
	};
	objectVersion = 54;
	objects = {

/* Begin PBXBuildFile section */
		474C1C28C4B6F499DE60BBC8 /* Pods_NXApp.framework in Frameworks */ = {isa = PBXBuildFile; fileRef = 3EFC532A4B7715A55FF5F116 /* Pods_NXApp.framework */; };
		607FACD61AFB9204008FA782 /* AppDelegate.swift in Sources */ = {isa = PBXBuildFile; fileRef = 607FACD51AFB9204008FA782 /* AppDelegate.swift */; };
		607FACDB1AFB9204008FA782 /* Main.storyboard in Resources */ = {isa = PBXBuildFile; fileRef = 607FACD91AFB9204008FA782 /* Main.storyboard */; };
		607FACDD1AFB9204008FA782 /* Images.xcassets in Resources */ = {isa = PBXBuildFile; fileRef = 607FACDC1AFB9204008FA782 /* Images.xcassets */; };
		607FACE01AFB9204008FA782 /* LaunchScreen.xib in Resources */ = {isa = PBXBuildFile; fileRef = 607FACDE1AFB9204008FA782 /* LaunchScreen.xib */; };
		C91EEEB0268B224800CF0F90 /* NXSwift.swift in Sources */ = {isa = PBXBuildFile; fileRef = C91EEEAF268B224800CF0F90 /* NXSwift.swift */; };
		C920C53626831B9A00258187 /* NXTester.m in Sources */ = {isa = PBXBuildFile; fileRef = C920C53526831B9A00258187 /* NXTester.m */; };
		C93A574F2689E7BA00787D4B /* NXMRC.m in Sources */ = {isa = PBXBuildFile; fileRef = C93A574E2689E7BA00787D4B /* NXMRC.m */; settings = {COMPILER_FLAGS = "-fno-objc-arc"; }; };
		C93AA2A8268C443A00DE0EA4 /* NXApi.m in Sources */ = {isa = PBXBuildFile; fileRef = C93AA2A7268C443A00DE0EA4 /* NXApi.m */; };
		C93AA2AB268C46A300DE0EA4 /* NXPerson.m in Sources */ = {isa = PBXBuildFile; fileRef = C93AA2AA268C46A300DE0EA4 /* NXPerson.m */; };
		C952957826DB8A2F00127231 /* NXMsgSend.m in Sources */ = {isa = PBXBuildFile; fileRef = C952957726DB8A2F00127231 /* NXMsgSend.m */; };
		C9D7810326BCE0B400625E54 /* NXKVC.m in Sources */ = {isa = PBXBuildFile; fileRef = C9D7810226BCE0B400625E54 /* NXKVC.m */; };
		C9D7810626BCE7D300625E54 /* NSObject+.m in Sources */ = {isa = PBXBuildFile; fileRef = C9D7810426BCE7D200625E54 /* NSObject+.m */; };
		C9D7810926BCE8D800625E54 /* NXKVO.m in Sources */ = {isa = PBXBuildFile; fileRef = C9D7810826BCE8D800625E54 /* NXKVO.m */; };
		C9F562EE26807A9300C864E4 /* NXAuthority.swift in Sources */ = {isa = PBXBuildFile; fileRef = C9F562E926807A9200C864E4 /* NXAuthority.swift */; };
		C9F562F126807A9300C864E4 /* NXAppViewController.swift in Sources */ = {isa = PBXBuildFile; fileRef = C9F562EC26807A9200C864E4 /* NXAppViewController.swift */; };
/* End PBXBuildFile section */

/* Begin PBXFileReference section */
		0D3EF0A469B22D541BB2BAC4 /* NXKit.podspec */ = {isa = PBXFileReference; includeInIndex = 1; lastKnownFileType = text; name = NXKit.podspec; path = ../NXKit.podspec; sourceTree = "<group>"; xcLanguageSpecificationIdentifier = xcode.lang.ruby; };
		27F6806BFEEDF11126F97D71 /* Pods-NXApp.release.xcconfig */ = {isa = PBXFileReference; includeInIndex = 1; lastKnownFileType = text.xcconfig; name = "Pods-NXApp.release.xcconfig"; path = "Target Support Files/Pods-NXApp/Pods-NXApp.release.xcconfig"; sourceTree = "<group>"; };
		3EFC532A4B7715A55FF5F116 /* Pods_NXApp.framework */ = {isa = PBXFileReference; explicitFileType = wrapper.framework; includeInIndex = 0; path = Pods_NXApp.framework; sourceTree = BUILT_PRODUCTS_DIR; };
		4CED51FBE686748CDA706E58 /* Pods-NXApp.debug.xcconfig */ = {isa = PBXFileReference; includeInIndex = 1; lastKnownFileType = text.xcconfig; name = "Pods-NXApp.debug.xcconfig"; path = "Target Support Files/Pods-NXApp/Pods-NXApp.debug.xcconfig"; sourceTree = "<group>"; };
		607FACD01AFB9204008FA782 /* NXApp.app */ = {isa = PBXFileReference; explicitFileType = wrapper.application; includeInIndex = 0; path = NXApp.app; sourceTree = BUILT_PRODUCTS_DIR; };
		607FACD41AFB9204008FA782 /* Info.plist */ = {isa = PBXFileReference; lastKnownFileType = text.plist.xml; path = Info.plist; sourceTree = "<group>"; };
		607FACD51AFB9204008FA782 /* AppDelegate.swift */ = {isa = PBXFileReference; lastKnownFileType = sourcecode.swift; path = AppDelegate.swift; sourceTree = "<group>"; };
		607FACDA1AFB9204008FA782 /* Base */ = {isa = PBXFileReference; lastKnownFileType = file.storyboard; name = Base; path = Base.lproj/Main.storyboard; sourceTree = "<group>"; };
		607FACDC1AFB9204008FA782 /* Images.xcassets */ = {isa = PBXFileReference; lastKnownFileType = folder.assetcatalog; path = Images.xcassets; sourceTree = "<group>"; };
		607FACDF1AFB9204008FA782 /* Base */ = {isa = PBXFileReference; lastKnownFileType = file.xib; name = Base; path = Base.lproj/LaunchScreen.xib; sourceTree = "<group>"; };
		C91EEEAF268B224800CF0F90 /* NXSwift.swift */ = {isa = PBXFileReference; lastKnownFileType = sourcecode.swift; path = NXSwift.swift; sourceTree = "<group>"; };
		C920C53326831B9A00258187 /* NXKit_App-Bridging-Header.h */ = {isa = PBXFileReference; lastKnownFileType = sourcecode.c.h; path = "NXKit_App-Bridging-Header.h"; sourceTree = "<group>"; };
		C920C53426831B9A00258187 /* NXTester.h */ = {isa = PBXFileReference; lastKnownFileType = sourcecode.c.h; path = NXTester.h; sourceTree = "<group>"; };
		C920C53526831B9A00258187 /* NXTester.m */ = {isa = PBXFileReference; lastKnownFileType = sourcecode.c.objc; path = NXTester.m; sourceTree = "<group>"; };
		C93A574D2689E7BA00787D4B /* NXMRC.h */ = {isa = PBXFileReference; lastKnownFileType = sourcecode.c.h; path = NXMRC.h; sourceTree = "<group>"; };
		C93A574E2689E7BA00787D4B /* NXMRC.m */ = {isa = PBXFileReference; lastKnownFileType = sourcecode.c.objc; path = NXMRC.m; sourceTree = "<group>"; };
		C93AA2A6268C443A00DE0EA4 /* NXApi.h */ = {isa = PBXFileReference; lastKnownFileType = sourcecode.c.h; path = NXApi.h; sourceTree = "<group>"; };
		C93AA2A7268C443A00DE0EA4 /* NXApi.m */ = {isa = PBXFileReference; lastKnownFileType = sourcecode.c.objc; path = NXApi.m; sourceTree = "<group>"; };
		C93AA2A9268C46A300DE0EA4 /* NXPerson.h */ = {isa = PBXFileReference; lastKnownFileType = sourcecode.c.h; path = NXPerson.h; sourceTree = "<group>"; };
		C93AA2AA268C46A300DE0EA4 /* NXPerson.m */ = {isa = PBXFileReference; lastKnownFileType = sourcecode.c.objc; path = NXPerson.m; sourceTree = "<group>"; };
		C952957626DB8A2F00127231 /* NXMsgSend.h */ = {isa = PBXFileReference; lastKnownFileType = sourcecode.c.h; path = NXMsgSend.h; sourceTree = "<group>"; };
		C952957726DB8A2F00127231 /* NXMsgSend.m */ = {isa = PBXFileReference; lastKnownFileType = sourcecode.c.objc; path = NXMsgSend.m; sourceTree = "<group>"; };
		C979FFC026D0886E00D82C39 /* zh-Hans */ = {isa = PBXFileReference; lastKnownFileType = text.plist.strings; name = "zh-Hans"; path = "zh-Hans.lproj/Main.strings"; sourceTree = "<group>"; };
		C979FFC126D0886F00D82C39 /* zh-Hans */ = {isa = PBXFileReference; lastKnownFileType = text.plist.strings; name = "zh-Hans"; path = "zh-Hans.lproj/LaunchScreen.strings"; sourceTree = "<group>"; };
		C9D7810126BCE0B400625E54 /* NXKVC.h */ = {isa = PBXFileReference; fileEncoding = 4; lastKnownFileType = sourcecode.c.h; path = NXKVC.h; sourceTree = "<group>"; };
		C9D7810226BCE0B400625E54 /* NXKVC.m */ = {isa = PBXFileReference; fileEncoding = 4; lastKnownFileType = sourcecode.c.objc; path = NXKVC.m; sourceTree = "<group>"; };
		C9D7810426BCE7D200625E54 /* NSObject+.m */ = {isa = PBXFileReference; fileEncoding = 4; lastKnownFileType = sourcecode.c.objc; path = "NSObject+.m"; sourceTree = "<group>"; };
		C9D7810526BCE7D200625E54 /* NSObject+.h */ = {isa = PBXFileReference; fileEncoding = 4; lastKnownFileType = sourcecode.c.h; path = "NSObject+.h"; sourceTree = "<group>"; };
		C9D7810726BCE8D800625E54 /* NXKVO.h */ = {isa = PBXFileReference; fileEncoding = 4; lastKnownFileType = sourcecode.c.h; path = NXKVO.h; sourceTree = "<group>"; };
		C9D7810826BCE8D800625E54 /* NXKVO.m */ = {isa = PBXFileReference; fileEncoding = 4; lastKnownFileType = sourcecode.c.objc; path = NXKVO.m; sourceTree = "<group>"; };
		C9F562E926807A9200C864E4 /* NXAuthority.swift */ = {isa = PBXFileReference; fileEncoding = 4; lastKnownFileType = sourcecode.swift; path = NXAuthority.swift; sourceTree = "<group>"; };
		C9F562EC26807A9200C864E4 /* NXAppViewController.swift */ = {isa = PBXFileReference; fileEncoding = 4; lastKnownFileType = sourcecode.swift; path = NXAppViewController.swift; sourceTree = "<group>"; };
		E87B81609140EAE65B0F6F8A /* LICENSE */ = {isa = PBXFileReference; includeInIndex = 1; lastKnownFileType = text; name = LICENSE; path = ../LICENSE; sourceTree = "<group>"; };
		F52578292D8536F89334B186 /* README.md */ = {isa = PBXFileReference; includeInIndex = 1; lastKnownFileType = net.daringfireball.markdown; name = README.md; path = ../README.md; sourceTree = "<group>"; };
/* End PBXFileReference section */

/* Begin PBXFrameworksBuildPhase section */
		607FACCD1AFB9204008FA782 /* Frameworks */ = {
			isa = PBXFrameworksBuildPhase;
			buildActionMask = 2147483647;
			files = (
				474C1C28C4B6F499DE60BBC8 /* Pods_NXApp.framework in Frameworks */,
			);
			runOnlyForDeploymentPostprocessing = 0;
		};
/* End PBXFrameworksBuildPhase section */

/* Begin PBXGroup section */
		607FACC71AFB9204008FA782 = {
			isa = PBXGroup;
			children = (
				607FACF51AFB993E008FA782 /* Podspec Metadata */,
				607FACD21AFB9204008FA782 /* NXApp */,
				607FACD11AFB9204008FA782 /* Products */,
				CDB0BCCB0EFEA029F96C723A /* Pods */,
				7A21DF4C4AFC7DD034C25347 /* Frameworks */,
			);
			sourceTree = "<group>";
		};
		607FACD11AFB9204008FA782 /* Products */ = {
			isa = PBXGroup;
			children = (
				607FACD01AFB9204008FA782 /* NXApp.app */,
			);
			name = Products;
			sourceTree = "<group>";
		};
		607FACD21AFB9204008FA782 /* NXApp */ = {
			isa = PBXGroup;
			children = (
				C93AA2B0268C4E3600DE0EA4 /* Desktop */,
				C93AA2AF268C4DAD00DE0EA4 /* Classes */,
				607FACD91AFB9204008FA782 /* Main.storyboard */,
				607FACDC1AFB9204008FA782 /* Images.xcassets */,
				607FACDE1AFB9204008FA782 /* LaunchScreen.xib */,
				607FACD31AFB9204008FA782 /* Supporting Files */,
				C920C53326831B9A00258187 /* NXKit_App-Bridging-Header.h */,
			);
			name = NXApp;
			path = NXKit;
			sourceTree = "<group>";
		};
		607FACD31AFB9204008FA782 /* Supporting Files */ = {
			isa = PBXGroup;
			children = (
				607FACD41AFB9204008FA782 /* Info.plist */,
			);
			name = "Supporting Files";
			sourceTree = "<group>";
		};
		607FACF51AFB993E008FA782 /* Podspec Metadata */ = {
			isa = PBXGroup;
			children = (
				0D3EF0A469B22D541BB2BAC4 /* NXKit.podspec */,
				F52578292D8536F89334B186 /* README.md */,
				E87B81609140EAE65B0F6F8A /* LICENSE */,
			);
			name = "Podspec Metadata";
			sourceTree = "<group>";
		};
		7A21DF4C4AFC7DD034C25347 /* Frameworks */ = {
			isa = PBXGroup;
			children = (
				3EFC532A4B7715A55FF5F116 /* Pods_NXApp.framework */,
			);
			name = Frameworks;
			sourceTree = "<group>";
		};
		C93AA2AF268C4DAD00DE0EA4 /* Classes */ = {
			isa = PBXGroup;
			children = (
				C9F562E926807A9200C864E4 /* NXAuthority.swift */,
				C93AA2A6268C443A00DE0EA4 /* NXApi.h */,
				C93AA2A7268C443A00DE0EA4 /* NXApi.m */,
				C9D7810526BCE7D200625E54 /* NSObject+.h */,
				C9D7810426BCE7D200625E54 /* NSObject+.m */,
				C93AA2A9268C46A300DE0EA4 /* NXPerson.h */,
				C93AA2AA268C46A300DE0EA4 /* NXPerson.m */,
				C91EEEAF268B224800CF0F90 /* NXSwift.swift */,
				C93A574D2689E7BA00787D4B /* NXMRC.h */,
				C93A574E2689E7BA00787D4B /* NXMRC.m */,
				C920C53426831B9A00258187 /* NXTester.h */,
				C920C53526831B9A00258187 /* NXTester.m */,
				C9D7810126BCE0B400625E54 /* NXKVC.h */,
				C9D7810226BCE0B400625E54 /* NXKVC.m */,
				C9D7810726BCE8D800625E54 /* NXKVO.h */,
				C9D7810826BCE8D800625E54 /* NXKVO.m */,
				C952957626DB8A2F00127231 /* NXMsgSend.h */,
				C952957726DB8A2F00127231 /* NXMsgSend.m */,
			);
			path = Classes;
			sourceTree = "<group>";
		};
		C93AA2B0268C4E3600DE0EA4 /* Desktop */ = {
			isa = PBXGroup;
			children = (
				607FACD51AFB9204008FA782 /* AppDelegate.swift */,
				C9F562EC26807A9200C864E4 /* NXAppViewController.swift */,
			);
			path = Desktop;
			sourceTree = "<group>";
		};
		CDB0BCCB0EFEA029F96C723A /* Pods */ = {
			isa = PBXGroup;
			children = (
				4CED51FBE686748CDA706E58 /* Pods-NXApp.debug.xcconfig */,
				27F6806BFEEDF11126F97D71 /* Pods-NXApp.release.xcconfig */,
			);
			path = Pods;
			sourceTree = "<group>";
		};
/* End PBXGroup section */

/* Begin PBXNativeTarget section */
		607FACCF1AFB9204008FA782 /* NXApp */ = {
			isa = PBXNativeTarget;
			buildConfigurationList = 607FACEF1AFB9204008FA782 /* Build configuration list for PBXNativeTarget "NXApp" */;
			buildPhases = (
				DC32EDA51AD08B87781B408F /* [CP] Check Pods Manifest.lock */,
				607FACCC1AFB9204008FA782 /* Sources */,
				607FACCD1AFB9204008FA782 /* Frameworks */,
				607FACCE1AFB9204008FA782 /* Resources */,
				E291853B125C752B920D28BE /* [CP] Embed Pods Frameworks */,
			);
			buildRules = (
			);
			dependencies = (
			);
			name = NXApp;
			productName = NXKit;
			productReference = 607FACD01AFB9204008FA782 /* NXApp.app */;
			productType = "com.apple.product-type.application";
		};
/* End PBXNativeTarget section */

/* Begin PBXProject section */
		607FACC81AFB9204008FA782 /* Project object */ = {
			isa = PBXProject;
			attributes = {
				LastSwiftUpdateCheck = 0830;
				LastUpgradeCheck = 0830;
				ORGANIZATIONNAME = CocoaPods;
				TargetAttributes = {
					607FACCF1AFB9204008FA782 = {
						CreatedOnToolsVersion = 6.3.1;
						LastSwiftMigration = 1250;
					};
				};
			};
			buildConfigurationList = 607FACCB1AFB9204008FA782 /* Build configuration list for PBXProject "NXKit" */;
			compatibilityVersion = "Xcode 12.0";
			developmentRegion = en;
			hasScannedForEncodings = 0;
			knownRegions = (
				en,
				Base,
				"zh-Hans",
			);
			mainGroup = 607FACC71AFB9204008FA782;
			productRefGroup = 607FACD11AFB9204008FA782 /* Products */;
			projectDirPath = "";
			projectRoot = "";
			targets = (
				607FACCF1AFB9204008FA782 /* NXApp */,
			);
		};
/* End PBXProject section */

/* Begin PBXResourcesBuildPhase section */
		607FACCE1AFB9204008FA782 /* Resources */ = {
			isa = PBXResourcesBuildPhase;
			buildActionMask = 2147483647;
			files = (
				607FACDB1AFB9204008FA782 /* Main.storyboard in Resources */,
				607FACE01AFB9204008FA782 /* LaunchScreen.xib in Resources */,
				607FACDD1AFB9204008FA782 /* Images.xcassets in Resources */,
			);
			runOnlyForDeploymentPostprocessing = 0;
		};
/* End PBXResourcesBuildPhase section */

/* Begin PBXShellScriptBuildPhase section */
		DC32EDA51AD08B87781B408F /* [CP] Check Pods Manifest.lock */ = {
			isa = PBXShellScriptBuildPhase;
			buildActionMask = 2147483647;
			files = (
			);
			inputFileListPaths = (
			);
			inputPaths = (
				"${PODS_PODFILE_DIR_PATH}/Podfile.lock",
				"${PODS_ROOT}/Manifest.lock",
			);
			name = "[CP] Check Pods Manifest.lock";
			outputFileListPaths = (
			);
			outputPaths = (
				"$(DERIVED_FILE_DIR)/Pods-NXApp-checkManifestLockResult.txt",
			);
			runOnlyForDeploymentPostprocessing = 0;
			shellPath = /bin/sh;
			shellScript = "diff \"${PODS_PODFILE_DIR_PATH}/Podfile.lock\" \"${PODS_ROOT}/Manifest.lock\" > /dev/null\nif [ $? != 0 ] ; then\n    # print error to STDERR\n    echo \"error: The sandbox is not in sync with the Podfile.lock. Run 'pod install' or update your CocoaPods installation.\" >&2\n    exit 1\nfi\n# This output is used by Xcode 'outputs' to avoid re-running this script phase.\necho \"SUCCESS\" > \"${SCRIPT_OUTPUT_FILE_0}\"\n";
			showEnvVarsInLog = 0;
		};
		E291853B125C752B920D28BE /* [CP] Embed Pods Frameworks */ = {
			isa = PBXShellScriptBuildPhase;
			buildActionMask = 2147483647;
			files = (
			);
			inputFileListPaths = (
				"${PODS_ROOT}/Target Support Files/Pods-NXApp/Pods-NXApp-frameworks-${CONFIGURATION}-input-files.xcfilelist",
			);
			name = "[CP] Embed Pods Frameworks";
			outputFileListPaths = (
				"${PODS_ROOT}/Target Support Files/Pods-NXApp/Pods-NXApp-frameworks-${CONFIGURATION}-output-files.xcfilelist",
			);
			runOnlyForDeploymentPostprocessing = 0;
			shellPath = /bin/sh;
			shellScript = "\"${PODS_ROOT}/Target Support Files/Pods-NXApp/Pods-NXApp-frameworks.sh\"\n";
			showEnvVarsInLog = 0;
		};
/* End PBXShellScriptBuildPhase section */

/* Begin PBXSourcesBuildPhase section */
		607FACCC1AFB9204008FA782 /* Sources */ = {
			isa = PBXSourcesBuildPhase;
			buildActionMask = 2147483647;
			files = (
				C9D7810926BCE8D800625E54 /* NXKVO.m in Sources */,
				C9F562EE26807A9300C864E4 /* NXAuthority.swift in Sources */,
				C93A574F2689E7BA00787D4B /* NXMRC.m in Sources */,
				C920C53626831B9A00258187 /* NXTester.m in Sources */,
				C93AA2AB268C46A300DE0EA4 /* NXPerson.m in Sources */,
				C952957826DB8A2F00127231 /* NXMsgSend.m in Sources */,
				C9F562F126807A9300C864E4 /* NXAppViewController.swift in Sources */,
				C9D7810626BCE7D300625E54 /* NSObject+.m in Sources */,
				C93AA2A8268C443A00DE0EA4 /* NXApi.m in Sources */,
				607FACD61AFB9204008FA782 /* AppDelegate.swift in Sources */,
				C9D7810326BCE0B400625E54 /* NXKVC.m in Sources */,
				C91EEEB0268B224800CF0F90 /* NXSwift.swift in Sources */,
			);
			runOnlyForDeploymentPostprocessing = 0;
		};
/* End PBXSourcesBuildPhase section */

/* Begin PBXVariantGroup section */
		607FACD91AFB9204008FA782 /* Main.storyboard */ = {
			isa = PBXVariantGroup;
			children = (
				607FACDA1AFB9204008FA782 /* Base */,
				C979FFC026D0886E00D82C39 /* zh-Hans */,
			);
			name = Main.storyboard;
			sourceTree = "<group>";
		};
		607FACDE1AFB9204008FA782 /* LaunchScreen.xib */ = {
			isa = PBXVariantGroup;
			children = (
				607FACDF1AFB9204008FA782 /* Base */,
				C979FFC126D0886F00D82C39 /* zh-Hans */,
			);
			name = LaunchScreen.xib;
			sourceTree = "<group>";
		};
/* End PBXVariantGroup section */

/* Begin XCBuildConfiguration section */
		607FACED1AFB9204008FA782 /* Debug */ = {
			isa = XCBuildConfiguration;
			buildSettings = {
				ALWAYS_SEARCH_USER_PATHS = NO;
				CLANG_ANALYZER_LOCALIZABILITY_NONLOCALIZED = YES;
				CLANG_CXX_LANGUAGE_STANDARD = "gnu++0x";
				CLANG_CXX_LIBRARY = "libc++";
				CLANG_ENABLE_MODULES = YES;
				CLANG_ENABLE_OBJC_ARC = YES;
				CLANG_WARN_BLOCK_CAPTURE_AUTORELEASING = YES;
				CLANG_WARN_BOOL_CONVERSION = YES;
				CLANG_WARN_COMMA = YES;
				CLANG_WARN_CONSTANT_CONVERSION = YES;
				CLANG_WARN_DIRECT_OBJC_ISA_USAGE = YES_ERROR;
				CLANG_WARN_EMPTY_BODY = YES;
				CLANG_WARN_ENUM_CONVERSION = YES;
				CLANG_WARN_INFINITE_RECURSION = YES;
				CLANG_WARN_INT_CONVERSION = YES;
				CLANG_WARN_NON_LITERAL_NULL_CONVERSION = YES;
				CLANG_WARN_OBJC_LITERAL_CONVERSION = YES;
				CLANG_WARN_OBJC_ROOT_CLASS = YES_ERROR;
				CLANG_WARN_RANGE_LOOP_ANALYSIS = YES;
				CLANG_WARN_STRICT_PROTOTYPES = YES;
				CLANG_WARN_SUSPICIOUS_MOVE = YES;
				CLANG_WARN_UNREACHABLE_CODE = YES;
				CLANG_WARN__DUPLICATE_METHOD_MATCH = YES;
				"CODE_SIGN_IDENTITY[sdk=iphoneos*]" = "iPhone Developer";
				COPY_PHASE_STRIP = NO;
				DEBUG_INFORMATION_FORMAT = "dwarf-with-dsym";
				ENABLE_STRICT_OBJC_MSGSEND = NO;
				ENABLE_TESTABILITY = YES;
				GCC_C_LANGUAGE_STANDARD = gnu99;
				GCC_DYNAMIC_NO_PIC = NO;
				GCC_NO_COMMON_BLOCKS = YES;
				GCC_OPTIMIZATION_LEVEL = 0;
				GCC_PREPROCESSOR_DEFINITIONS = (
					"DEBUG=1",
					"$(inherited)",
				);
				GCC_SYMBOLS_PRIVATE_EXTERN = NO;
				GCC_WARN_64_TO_32_BIT_CONVERSION = YES;
				GCC_WARN_ABOUT_RETURN_TYPE = YES_ERROR;
				GCC_WARN_UNDECLARED_SELECTOR = YES;
				GCC_WARN_UNINITIALIZED_AUTOS = YES_AGGRESSIVE;
				GCC_WARN_UNUSED_FUNCTION = YES;
				GCC_WARN_UNUSED_VARIABLE = YES;
				IPHONEOS_DEPLOYMENT_TARGET = 9.3;
				MTL_ENABLE_DEBUG_INFO = YES;
				ONLY_ACTIVE_ARCH = YES;
				SDKROOT = iphoneos;
				SWIFT_OPTIMIZATION_LEVEL = "-Onone";
				SWIFT_VERSION = 5.0;
			};
			name = Debug;
		};
		607FACEE1AFB9204008FA782 /* Release */ = {
			isa = XCBuildConfiguration;
			buildSettings = {
				ALWAYS_SEARCH_USER_PATHS = NO;
				CLANG_ANALYZER_LOCALIZABILITY_NONLOCALIZED = YES;
				CLANG_CXX_LANGUAGE_STANDARD = "gnu++0x";
				CLANG_CXX_LIBRARY = "libc++";
				CLANG_ENABLE_MODULES = YES;
				CLANG_ENABLE_OBJC_ARC = YES;
				CLANG_WARN_BLOCK_CAPTURE_AUTORELEASING = YES;
				CLANG_WARN_BOOL_CONVERSION = YES;
				CLANG_WARN_COMMA = YES;
				CLANG_WARN_CONSTANT_CONVERSION = YES;
				CLANG_WARN_DIRECT_OBJC_ISA_USAGE = YES_ERROR;
				CLANG_WARN_EMPTY_BODY = YES;
				CLANG_WARN_ENUM_CONVERSION = YES;
				CLANG_WARN_INFINITE_RECURSION = YES;
				CLANG_WARN_INT_CONVERSION = YES;
				CLANG_WARN_NON_LITERAL_NULL_CONVERSION = YES;
				CLANG_WARN_OBJC_LITERAL_CONVERSION = YES;
				CLANG_WARN_OBJC_ROOT_CLASS = YES_ERROR;
				CLANG_WARN_RANGE_LOOP_ANALYSIS = YES;
				CLANG_WARN_STRICT_PROTOTYPES = YES;
				CLANG_WARN_SUSPICIOUS_MOVE = YES;
				CLANG_WARN_UNREACHABLE_CODE = YES;
				CLANG_WARN__DUPLICATE_METHOD_MATCH = YES;
				"CODE_SIGN_IDENTITY[sdk=iphoneos*]" = "iPhone Developer";
				COPY_PHASE_STRIP = NO;
				DEBUG_INFORMATION_FORMAT = "dwarf-with-dsym";
				ENABLE_NS_ASSERTIONS = NO;
				ENABLE_STRICT_OBJC_MSGSEND = NO;
				GCC_C_LANGUAGE_STANDARD = gnu99;
				GCC_NO_COMMON_BLOCKS = YES;
				GCC_WARN_64_TO_32_BIT_CONVERSION = YES;
				GCC_WARN_ABOUT_RETURN_TYPE = YES_ERROR;
				GCC_WARN_UNDECLARED_SELECTOR = YES;
				GCC_WARN_UNINITIALIZED_AUTOS = YES_AGGRESSIVE;
				GCC_WARN_UNUSED_FUNCTION = YES;
				GCC_WARN_UNUSED_VARIABLE = YES;
				IPHONEOS_DEPLOYMENT_TARGET = 9.3;
				MTL_ENABLE_DEBUG_INFO = NO;
				SDKROOT = iphoneos;
				SWIFT_COMPILATION_MODE = wholemodule;
				SWIFT_OPTIMIZATION_LEVEL = "-O";
				SWIFT_VERSION = 5.0;
				VALIDATE_PRODUCT = YES;
			};
			name = Release;
		};
		607FACF01AFB9204008FA782 /* Debug */ = {
			isa = XCBuildConfiguration;
			baseConfigurationReference = 4CED51FBE686748CDA706E58 /* Pods-NXApp.debug.xcconfig */;
			buildSettings = {
				ASSETCATALOG_COMPILER_APPICON_NAME = AppIcon;
				CLANG_ENABLE_MODULES = YES;
				CLANG_ENABLE_OBJC_ARC = YES;
				CLANG_WARN_DIRECT_OBJC_ISA_USAGE = YES_ERROR;
				DEVELOPMENT_TEAM = 27NABV6MF4;
				ENABLE_STRICT_OBJC_MSGSEND = NO;
				INFOPLIST_FILE = NXKit/Info.plist;
				IPHONEOS_DEPLOYMENT_TARGET = 9.3;
				LD_RUNPATH_SEARCH_PATHS = (
					"$(inherited)",
					"@executable_path/Frameworks",
				);
				MODULE_NAME = ExampleApp;
				PRODUCT_BUNDLE_IDENTIFIER = "org.cocoapods.demo.$(PRODUCT_NAME:rfc1034identifier)";
				PRODUCT_NAME = "$(TARGET_NAME)";
				SWIFT_OBJC_BRIDGING_HEADER = "NXKit/NXKit_App-Bridging-Header.h";
				SWIFT_OPTIMIZATION_LEVEL = "-Onone";
				SWIFT_SWIFT3_OBJC_INFERENCE = Default;
				SWIFT_VERSION = 5.0;
			};
			name = Debug;
		};
		607FACF11AFB9204008FA782 /* Release */ = {
			isa = XCBuildConfiguration;
			baseConfigurationReference = 27F6806BFEEDF11126F97D71 /* Pods-NXApp.release.xcconfig */;
			buildSettings = {
				ASSETCATALOG_COMPILER_APPICON_NAME = AppIcon;
				CLANG_ENABLE_MODULES = YES;
				CLANG_ENABLE_OBJC_ARC = YES;
				CLANG_WARN_DIRECT_OBJC_ISA_USAGE = YES_ERROR;
				DEVELOPMENT_TEAM = 27NABV6MF4;
				ENABLE_STRICT_OBJC_MSGSEND = NO;
				INFOPLIST_FILE = NXKit/Info.plist;
				IPHONEOS_DEPLOYMENT_TARGET = 9.3;
				LD_RUNPATH_SEARCH_PATHS = (
					"$(inherited)",
					"@executable_path/Frameworks",
				);
				MODULE_NAME = ExampleApp;
				PRODUCT_BUNDLE_IDENTIFIER = "org.cocoapods.demo.$(PRODUCT_NAME:rfc1034identifier)";
				PRODUCT_NAME = "$(TARGET_NAME)";
				SWIFT_OBJC_BRIDGING_HEADER = "NXKit/NXKit_App-Bridging-Header.h";
				SWIFT_SWIFT3_OBJC_INFERENCE = Default;
				SWIFT_VERSION = 5.0;
			};
			name = Release;
		};
/* End XCBuildConfiguration section */

/* Begin XCConfigurationList section */
		607FACCB1AFB9204008FA782 /* Build configuration list for PBXProject "NXKit" */ = {
			isa = XCConfigurationList;
			buildConfigurations = (
				607FACED1AFB9204008FA782 /* Debug */,
				607FACEE1AFB9204008FA782 /* Release */,
			);
			defaultConfigurationIsVisible = 0;
			defaultConfigurationName = Release;
		};
		607FACEF1AFB9204008FA782 /* Build configuration list for PBXNativeTarget "NXApp" */ = {
			isa = XCConfigurationList;
			buildConfigurations = (
				607FACF01AFB9204008FA782 /* Debug */,
				607FACF11AFB9204008FA782 /* Release */,
			);
			defaultConfigurationIsVisible = 0;
			defaultConfigurationName = Release;
		};
/* End XCConfigurationList section */
	};
	rootObject = 607FACC81AFB9204008FA782 /* Project object */;
}
